github.com/go-errors/errors v1.4.2 h1:J6MZopCL4uSllY1OfXM374weqZFFItUbrImctkmUxIA=
github.com/go-errors/errors v1.4.2/go.mod h1:sIVyrIiJhuEF+Pj9Ebtd6P/rEYROXFi3BopGUQ5a5Og=
github.com/smallnest/chanx v1.1.0 h1:2f/anv7jUuFqeOvCRy4ApmVixWcYUz1ya0vpVx6P7vQ=
github.com/smallnest/chanx v1.1.0/go.mod h1:zXoLoNTSzdRiD+XNNsfAj6/jY7ZfBnviL96tVr+tQ3E=
golang.org/x/sync v0.1.0 h1:wsuoTGHzEhffawBOhz5CYhcrV4IdKZbEyZjBMuTp12o=
golang.org/x/sync v0.1.0/go.mod h1:RxMgew5VJxzue5/jJTE5uejpjVlOe/izrB70Jof72aM=
